
Microsoft Visual Studio Solution File, Format Version 12.00
# Visual Studio 14
VisualStudioVersion = 14.0.23107.0
MinimumVisualStudioVersion = 10.0.40219.1
Project("{FAE04EC0-301F-11D3-BF4B-00C04F79EFBC}") = "OrderApi.Domain", "OrderApi.Domain\OrderApi.Domain.csproj", "{1AEF9577-2B77-4533-81E7-A05579872032}"
EndProject
Global
	GlobalSection(SolutionConfigurationPlatforms) = preSolution
		Debug|Any CPU = Debug|Any CPU
		Release|Any CPU = Release|Any CPU
	EndGlobalSection
	GlobalSection(ProjectConfigurationPlatforms) = postSolution
		{1AEF9577-2B77-4533-81E7-A05579872032}.Debug|Any CPU.ActiveCfg = Debug|Any CPU
		{1AEF9577-2B77-4533-81E7-A05579872032}.Debug|Any CPU.Build.0 = Debug|Any CPU
		{1AEF9577-2B77-4533-81E7-A05579872032}.Release|Any CPU.ActiveCfg = Release|Any CPU
		{1AEF9577-2B77-4533-81E7-A05579872032}.Release|Any CPU.Build.0 = Release|Any CPU
	EndGlobalSection
	GlobalSection(SolutionProperties) = preSolution
		HideSolutionNode = FALSE
	EndGlobalSection
EndGlobal
